// !$*UTF8*$!
{
	archiveVersion = 1;
	classes = {
	};
	objectVersion = 46;
	objects = {

/* Begin PBXBuildFile section */
		554476A732F82B61F3C235AA /* Pods_IBAnimatableBug.framework in Frameworks */ = {isa = PBXBuildFile; fileRef = 8B111FEF079CC4EE6EB2D932 /* Pods_IBAnimatableBug.framework */; };
		F2A8D8E21DA2047000126D00 /* AppDelegate.swift in Sources */ = {isa = PBXBuildFile; fileRef = F2A8D8E11DA2047000126D00 /* AppDelegate.swift */; };
		F2A8D8E41DA2047000126D00 /* ViewController.swift in Sources */ = {isa = PBXBuildFile; fileRef = F2A8D8E31DA2047000126D00 /* ViewController.swift */; };
		F2A8D8E71DA2047000126D00 /* Main.storyboard in Resources */ = {isa = PBXBuildFile; fileRef = F2A8D8E51DA2047000126D00 /* Main.storyboard */; };
		F2A8D8E91DA2047000126D00 /* Assets.xcassets in Resources */ = {isa = PBXBuildFile; fileRef = F2A8D8E81DA2047000126D00 /* Assets.xcassets */; };
		F2A8D8EC1DA2047000126D00 /* LaunchScreen.storyboard in Resources */ = {isa = PBXBuildFile; fileRef = F2A8D8EA1DA2047000126D00 /* LaunchScreen.storyboard */; };
/* End PBXBuildFile section */

/* Begin PBXFileReference section */
		7BB0D73DEE210E28E263CBDA /* Pods-IBAnimatableBug.debug.xcconfig */ = {isa = PBXFileReference; includeInIndex = 1; lastKnownFileType = text.xcconfig; name = "Pods-IBAnimatableBug.debug.xcconfig"; path = "Pods/Target Support Files/Pods-IBAnimatableBug/Pods-IBAnimatableBug.debug.xcconfig"; sourceTree = "<group>"; };
		8B111FEF079CC4EE6EB2D932 /* Pods_IBAnimatableBug.framework */ = {isa = PBXFileReference; explicitFileType = wrapper.framework; includeInIndex = 0; path = Pods_IBAnimatableBug.framework; sourceTree = BUILT_PRODUCTS_DIR; };
		A4962D8E2CAF22C1F85C04E2 /* Pods-IBAnimatableBug.release.xcconfig */ = {isa = PBXFileReference; includeInIndex = 1; lastKnownFileType = text.xcconfig; name = "Pods-IBAnimatableBug.release.xcconfig"; path = "Pods/Target Support Files/Pods-IBAnimatableBug/Pods-IBAnimatableBug.release.xcconfig"; sourceTree = "<group>"; };
		F2A8D8DE1DA2047000126D00 /* IBAnimatableBug.app */ = {isa = PBXFileReference; explicitFileType = wrapper.application; includeInIndex = 0; path = IBAnimatableBug.app; sourceTree = BUILT_PRODUCTS_DIR; };
		F2A8D8E11DA2047000126D00 /* AppDelegate.swift */ = {isa = PBXFileReference; lastKnownFileType = sourcecode.swift; path = AppDelegate.swift; sourceTree = "<group>"; };
		F2A8D8E31DA2047000126D00 /* ViewController.swift */ = {isa = PBXFileReference; lastKnownFileType = sourcecode.swift; path = ViewController.swift; sourceTree = "<group>"; };
		F2A8D8E61DA2047000126D00 /* Base */ = {isa = PBXFileReference; lastKnownFileType = file.storyboard; name = Base; path = Base.lproj/Main.storyboard; sourceTree = "<group>"; };
		F2A8D8E81DA2047000126D00 /* Assets.xcassets */ = {isa = PBXFileReference; lastKnownFileType = folder.assetcatalog; path = Assets.xcassets; sourceTree = "<group>"; };
		F2A8D8EB1DA2047000126D00 /* Base */ = {isa = PBXFileReference; lastKnownFileType = file.storyboard; name = Base; path = Base.lproj/LaunchScreen.storyboard; sourceTree = "<group>"; };
		F2A8D8ED1DA2047000126D00 /* Info.plist */ = {isa = PBXFileReference; lastKnownFileType = text.plist.xml; path = Info.plist; sourceTree = "<group>"; };
/* End PBXFileReference section */

/* Begin PBXFrameworksBuildPhase section */
		F2A8D8DB1DA2047000126D00 /* Frameworks */ = {
			isa = PBXFrameworksBuildPhase;
			buildActionMask = 2147483647;
			files = (
				554476A732F82B61F3C235AA /* Pods_IBAnimatableBug.framework in Frameworks */,
			);
			runOnlyForDeploymentPostprocessing = 0;
		};
/* End PBXFrameworksBuildPhase section */

/* Begin PBXGroup section */
		0FC358ECDF5DE2FDAB7BF8B6 /* Frameworks */ = {
			isa = PBXGroup;
			children = (
				8B111FEF079CC4EE6EB2D932 /* Pods_IBAnimatableBug.framework */,
			);
			name = Frameworks;
			sourceTree = "<group>";
		};
		54148FC07612095DC798FF99 /* Pods */ = {
			isa = PBXGroup;
			children = (
				7BB0D73DEE210E28E263CBDA /* Pods-IBAnimatableBug.debug.xcconfig */,
				A4962D8E2CAF22C1F85C04E2 /* Pods-IBAnimatableBug.release.xcconfig */,
			);
			name = Pods;
			sourceTree = "<group>";
		};
		F2A8D8D51DA2047000126D00 = {
			isa = PBXGroup;
			children = (
				F2A8D8E01DA2047000126D00 /* IBAnimatableBug */,
				F2A8D8DF1DA2047000126D00 /* Products */,
				54148FC07612095DC798FF99 /* Pods */,
				0FC358ECDF5DE2FDAB7BF8B6 /* Frameworks */,
			);
			sourceTree = "<group>";
		};
		F2A8D8DF1DA2047000126D00 /* Products */ = {
			isa = PBXGroup;
			children = (
				F2A8D8DE1DA2047000126D00 /* IBAnimatableBug.app */,
			);
			name = Products;
			sourceTree = "<group>";
		};
		F2A8D8E01DA2047000126D00 /* IBAnimatableBug */ = {
			isa = PBXGroup;
			children = (
				F2A8D8E11DA2047000126D00 /* AppDelegate.swift */,
				F2A8D8E31DA2047000126D00 /* ViewController.swift */,
				F2A8D8E51DA2047000126D00 /* Main.storyboard */,
				F2A8D8E81DA2047000126D00 /* Assets.xcassets */,
				F2A8D8EA1DA2047000126D00 /* LaunchScreen.storyboard */,
				F2A8D8ED1DA2047000126D00 /* Info.plist */,
			);
			path = IBAnimatableBug;
			sourceTree = "<group>";
		};
/* End PBXGroup section */

/* Begin PBXNativeTarget section */
		F2A8D8DD1DA2047000126D00 /* IBAnimatableBug */ = {
			isa = PBXNativeTarget;
			buildConfigurationList = F2A8D8F01DA2047000126D00 /* Build configuration list for PBXNativeTarget "IBAnimatableBug" */;
			buildPhases = (
				FA6F230B9DFA31EDEC603550 /* [CP] Check Pods Manifest.lock */,
				F2A8D8DA1DA2047000126D00 /* Sources */,
				F2A8D8DB1DA2047000126D00 /* Frameworks */,
				F2A8D8DC1DA2047000126D00 /* Resources */,
				E6615D25CBAD249D58A2CBFC /* [CP] Embed Pods Frameworks */,
				4F79B3B74C883461C584393A /* [CP] Copy Pods Resources */,
			);
			buildRules = (
			);
			dependencies = (
			);
			name = IBAnimatableBug;
			productName = IBAnimatableBug;
			productReference = F2A8D8DE1DA2047000126D00 /* IBAnimatableBug.app */;
			productType = "com.apple.product-type.application";
		};
/* End PBXNativeTarget section */

/* Begin PBXProject section */
		F2A8D8D61DA2047000126D00 /* Project object */ = {
			isa = PBXProject;
			attributes = {
				LastSwiftUpdateCheck = 0800;
				LastUpgradeCheck = 0800;
				ORGANIZATIONNAME = Retso;
				TargetAttributes = {
					F2A8D8DD1DA2047000126D00 = {
						CreatedOnToolsVersion = 8.0;
						ProvisioningStyle = Automatic;
					};
				};
			};
			buildConfigurationList = F2A8D8D91DA2047000126D00 /* Build configuration list for PBXProject "IBAnimatableBug" */;
			compatibilityVersion = "Xcode 3.2";
			developmentRegion = English;
			hasScannedForEncodings = 0;
			knownRegions = (
				en,
				Base,
			);
			mainGroup = F2A8D8D51DA2047000126D00;
			productRefGroup = F2A8D8DF1DA2047000126D00 /* Products */;
			projectDirPath = "";
			projectRoot = "";
			targets = (
				F2A8D8DD1DA2047000126D00 /* IBAnimatableBug */,
			);
		};
/* End PBXProject section */

/* Begin PBXResourcesBuildPhase section */
		F2A8D8DC1DA2047000126D00 /* Resources */ = {
			isa = PBXResourcesBuildPhase;
			buildActionMask = 2147483647;
			files = (
				F2A8D8EC1DA2047000126D00 /* LaunchScreen.storyboard in Resources */,
				F2A8D8E91DA2047000126D00 /* Assets.xcassets in Resources */,
				F2A8D8E71DA2047000126D00 /* Main.storyboard in Resources */,
			);
			runOnlyForDeploymentPostprocessing = 0;
		};
/* End PBXResourcesBuildPhase section */

/* Begin PBXShellScriptBuildPhase section */
		4F79B3B74C883461C584393A /* [CP] Copy Pods Resources */ = {
			isa = PBXShellScriptBuildPhase;
			buildActionMask = 2147483647;
			files = (
			);
			inputPaths = (
			);
			name = "[CP] Copy Pods Resources";
			outputPaths = (
			);
			runOnlyForDeploymentPostprocessing = 0;
			shellPath = /bin/sh;
			shellScript = "\"${SRCROOT}/Pods/Target Support Files/Pods-IBAnimatableBug/Pods-IBAnimatableBug-resources.sh\"\n";
			showEnvVarsInLog = 0;
		};
		E6615D25CBAD249D58A2CBFC /* [CP] Embed Pods Frameworks */ = {
			isa = PBXShellScriptBuildPhase;
			buildActionMask = 2147483647;
			files = (
			);
			inputPaths = (
			);
			name = "[CP] Embed Pods Frameworks";
			outputPaths = (
			);
			runOnlyForDeploymentPostprocessing = 0;
			shellPath = /bin/sh;
			shellScript = "\"${SRCROOT}/Pods/Target Support Files/Pods-IBAnimatableBug/Pods-IBAnimatableBug-frameworks.sh\"\n";
			showEnvVarsInLog = 0;
		};
		FA6F230B9DFA31EDEC603550 /* [CP] Check Pods Manifest.lock */ = {
			isa = PBXShellScriptBuildPhase;
			buildActionMask = 2147483647;
			files = (
			);
			inputPaths = (
			);
			name = "[CP] Check Pods Manifest.lock";
			outputPaths = (
			);
			runOnlyForDeploymentPostprocessing = 0;
			shellPath = /bin/sh;
			shellScript = "diff \"${PODS_ROOT}/../Podfile.lock\" \"${PODS_ROOT}/Manifest.lock\" > /dev/null\nif [ $? != 0 ] ; then\n    # print error to STDERR\n    echo \"error: The sandbox is not in sync with the Podfile.lock. Run 'pod install' or update your CocoaPods installation.\" >&2\n    exit 1\nfi\n";
			showEnvVarsInLog = 0;
		};
/* End PBXShellScriptBuildPhase section */

/* Begin PBXSourcesBuildPhase section */
		F2A8D8DA1DA2047000126D00 /* Sources */ = {
			isa = PBXSourcesBuildPhase;
			buildActionMask = 2147483647;
			files = (
				F2A8D8E41DA2047000126D00 /* ViewController.swift in Sources */,
				F2A8D8E21DA2047000126D00 /* AppDelegate.swift in Sources */,
			);
			runOnlyForDeploymentPostprocessing = 0;
		};
/* End PBXSourcesBuildPhase section */

/* Begin PBXVariantGroup section */
		F2A8D8E51DA2047000126D00 /* Main.storyboard */ = {
			isa = PBXVariantGroup;
			children = (
				F2A8D8E61DA2047000126D00 /* Base */,
			);
			name = Main.storyboard;
			sourceTree = "<group>";
		};
		F2A8D8EA1DA2047000126D00 /* LaunchScreen.storyboard */ = {
			isa = PBXVariantGroup;
			children = (
				F2A8D8EB1DA2047000126D00 /* Base */,
			);
			name = LaunchScreen.storyboard;
			sourceTree = "<group>";
		};
/* End PBXVariantGroup section */

/* Begin XCBuildConfiguration section */
		F2A8D8EE1DA2047000126D00 /* Debug */ = {
			isa = XCBuildConfiguration;
			buildSettings = {
				ALWAYS_SEARCH_USER_PATHS = NO;
				CLANG_ANALYZER_NONNULL = YES;
				CLANG_CXX_LANGUAGE_STANDARD = "gnu++0x";
				CLANG_CXX_LIBRARY = "libc++";
				CLANG_ENABLE_MODULES = YES;
				CLANG_ENABLE_OBJC_ARC = YES;
				CLANG_WARN_BOOL_CONVERSION = YES;
				CLANG_WARN_CONSTANT_CONVERSION = YES;
				CLANG_WARN_DIRECT_OBJC_ISA_USAGE = YES_ERROR;
				CLANG_WARN_DOCUMENTATION_COMMENTS = YES;
				CLANG_WARN_EMPTY_BODY = YES;
				CLANG_WARN_ENUM_CONVERSION = YES;
				CLANG_WARN_INFINITE_RECURSION = YES;
				CLANG_WARN_INT_CONVERSION = YES;
				CLANG_WARN_OBJC_ROOT_CLASS = YES_ERROR;
				CLANG_WARN_SUSPICIOUS_MOVE = YES;
				CLANG_WARN_SUSPICIOUS_MOVES = YES;
				CLANG_WARN_UNREACHABLE_CODE = YES;
				CLANG_WARN__DUPLICATE_METHOD_MATCH = YES;
				"CODE_SIGN_IDENTITY[sdk=iphoneos*]" = "iPhone Developer";
				COPY_PHASE_STRIP = NO;
				DEBUG_INFORMATION_FORMAT = dwarf;
				ENABLE_STRICT_OBJC_MSGSEND = YES;
				ENABLE_TESTABILITY = YES;
				GCC_C_LANGUAGE_STANDARD = gnu99;
				GCC_DYNAMIC_NO_PIC = NO;
				GCC_NO_COMMON_BLOCKS = YES;
				GCC_OPTIMIZATION_LEVEL = 0;
				GCC_PREPROCESSOR_DEFINITIONS = (
					"DEBUG=1",
					"$(inherited)",
				);
				GCC_WARN_64_TO_32_BIT_CONVERSION = YES;
				GCC_WARN_ABOUT_RETURN_TYPE = YES_ERROR;
				GCC_WARN_UNDECLARED_SELECTOR = YES;
				GCC_WARN_UNINITIALIZED_AUTOS = YES_AGGRESSIVE;
				GCC_WARN_UNUSED_FUNCTION = YES;
				GCC_WARN_UNUSED_VARIABLE = YES;
				IPHONEOS_DEPLOYMENT_TARGET = 10.0;
				MTL_ENABLE_DEBUG_INFO = YES;
				ONLY_ACTIVE_ARCH = YES;
				SDKROOT = iphoneos;
				SWIFT_ACTIVE_COMPILATION_CONDITIONS = DEBUG;
				SWIFT_OPTIMIZATION_LEVEL = "-Onone";
				SWIFT_VERSION = 2.3;
			};
			name = Debug;
		};
		F2A8D8EF1DA2047000126D00 /* Release */ = {
			isa = XCBuildConfiguration;
			buildSettings = {
				ALWAYS_SEARCH_USER_PATHS = NO;
				CLANG_ANALYZER_NONNULL = YES;
				CLANG_CXX_LANGUAGE_STANDARD = "gnu++0x";
				CLANG_CXX_LIBRARY = "libc++";
				CLANG_ENABLE_MODULES = YES;
				CLANG_ENABLE_OBJC_ARC = YES;
				CLANG_WARN_BOOL_CONVERSION = YES;
				CLANG_WARN_CONSTANT_CONVERSION = YES;
				CLANG_WARN_DIRECT_OBJC_ISA_USAGE = YES_ERROR;
				CLANG_WARN_DOCUMENTATION_COMMENTS = YES;
				CLANG_WARN_EMPTY_BODY = YES;
				CLANG_WARN_ENUM_CONVERSION = YES;
				CLANG_WARN_INFINITE_RECURSION = YES;
				CLANG_WARN_INT_CONVERSION = YES;
				CLANG_WARN_OBJC_ROOT_CLASS = YES_ERROR;
				CLANG_WARN_SUSPICIOUS_MOVE = YES;
				CLANG_WARN_SUSPICIOUS_MOVES = YES;
				CLANG_WARN_UNREACHABLE_CODE = YES;
				CLANG_WARN__DUPLICATE_METHOD_MATCH = YES;
				"CODE_SIGN_IDENTITY[sdk=iphoneos*]" = "iPhone Developer";
				COPY_PHASE_STRIP = NO;
				DEBUG_INFORMATION_FORMAT = "dwarf-with-dsym";
				ENABLE_NS_ASSERTIONS = NO;
				ENABLE_STRICT_OBJC_MSGSEND = YES;
				GCC_C_LANGUAGE_STANDARD = gnu99;
				GCC_NO_COMMON_BLOCKS = YES;
				GCC_WARN_64_TO_32_BIT_CONVERSION = YES;
				GCC_WARN_ABOUT_RETURN_TYPE = YES_ERROR;
				GCC_WARN_UNDECLARED_SELECTOR = YES;
				GCC_WARN_UNINITIALIZED_AUTOS = YES_AGGRESSIVE;
				GCC_WARN_UNUSED_FUNCTION = YES;
				GCC_WARN_UNUSED_VARIABLE = YES;
				IPHONEOS_DEPLOYMENT_TARGET = 10.0;
				MTL_ENABLE_DEBUG_INFO = NO;
				SDKROOT = iphoneos;
				SWIFT_OPTIMIZATION_LEVEL = "-Owholemodule";
				SWIFT_VERSION = 2.3;
				VALIDATE_PRODUCT = YES;
			};
			name = Release;
		};
		F2A8D8F11DA2047000126D00 /* Debug */ = {
			isa = XCBuildConfiguration;
			baseConfigurationReference = 7BB0D73DEE210E28E263CBDA /* Pods-IBAnimatableBug.debug.xcconfig */;
			buildSettings = {
				ALWAYS_EMBED_SWIFT_STANDARD_LIBRARIES = YES;
				ASSETCATALOG_COMPILER_APPICON_NAME = AppIcon;
				INFOPLIST_FILE = IBAnimatableBug/Info.plist;
				IPHONEOS_DEPLOYMENT_TARGET = 9.0;
				LD_RUNPATH_SEARCH_PATHS = "$(inherited) @executable_path/Frameworks";
				PRODUCT_BUNDLE_IDENTIFIER = com.retsohuang.IBAnimatableBug;
				PRODUCT_NAME = "$(TARGET_NAME)";
				SWIFT_VERSION = 2.3;
			};
			name = Debug;
		};
		F2A8D8F21DA2047000126D00 /* Release */ = {
			isa = XCBuildConfiguration;
			baseConfigurationReference = A4962D8E2CAF22C1F85C04E2 /* Pods-IBAnimatableBug.release.xcconfig */;
			buildSettings = {
				ALWAYS_EMBED_SWIFT_STANDARD_LIBRARIES = YES;
				ASSETCATALOG_COMPILER_APPICON_NAME = AppIcon;
				INFOPLIST_FILE = IBAnimatableBug/Info.plist;
				IPHONEOS_DEPLOYMENT_TARGET = 9.0;
				LD_RUNPATH_SEARCH_PATHS = "$(inherited) @executable_path/Frameworks";
				PRODUCT_BUNDLE_IDENTIFIER = com.retsohuang.IBAnimatableBug;
				PRODUCT_NAME = "$(TARGET_NAME)";
				SWIFT_VERSION = 2.3;
			};
			name = Release;
		};
/* End XCBuildConfiguration section */

/* Begin XCConfigurationList section */
		F2A8D8D91DA2047000126D00 /* Build configuration list for PBXProject "IBAnimatableBug" */ = {
			isa = XCConfigurationList;
			buildConfigurations = (
				F2A8D8EE1DA2047000126D00 /* Debug */,
				F2A8D8EF1DA2047000126D00 /* Release */,
			);
			defaultConfigurationIsVisible = 0;
			defaultConfigurationName = Release;
		};
		F2A8D8F01DA2047000126D00 /* Build configuration list for PBXNativeTarget "IBAnimatableBug" */ = {
			isa = XCConfigurationList;
			buildConfigurations = (
				F2A8D8F11DA2047000126D00 /* Debug */,
				F2A8D8F21DA2047000126D00 /* Release */,
			);
			defaultConfigurationIsVisible = 0;
			defaultConfigurationName = Release;
		};
/* End XCConfigurationList section */
	};
	rootObject = F2A8D8D61DA2047000126D00 /* Project object */;
}
